
Microsoft Visual Studio Solution File, Format Version 12.00
# Visual Studio 15
Project("{FAE04EC0-301F-11D3-BF4B-00C04F79EFBC}") = "UnityEngine.TestRunner", "UnityEngine.TestRunner.csproj", "{64A597D6-22E6-2DA2-26AA-305596BFCB19}"
EndProject
Project("{FAE04EC0-301F-11D3-BF4B-00C04F79EFBC}") = "Unity.VisualScripting.Flow", "Unity.VisualScripting.Flow.csproj", "{F8A9AD3C-DAD1-3F1C-1C30-8405731674A7}"
EndProject
Project("{FAE04EC0-301F-11D3-BF4B-00C04F79EFBC}") = "Unity.Services.Core.Telemetry", "Unity.Services.Core.Telemetry.csproj", "{544E4B27-4287-AFD5-3D35-774B35BAB43C}"
EndProject
Project("{FAE04EC0-301F-11D3-BF4B-00C04F79EFBC}") = "Unity.VisualScripting.State", "Unity.VisualScripting.State.csproj", "{0B0D939D-6889-223D-9206-2603B9118BAE}"
EndProject
Project("{FAE04EC0-301F-11D3-BF4B-00C04F79EFBC}") = "Unity.VisualScripting.Core", "Unity.VisualScripting.Core.csproj", "{AE55C51A-A621-63E9-FDA3-75E615ABC3F7}"
EndProject
Project("{FAE04EC0-301F-11D3-BF4B-00C04F79EFBC}") = "Unity.Services.Core.Environments.Internal", "Unity.Services.Core.Environments.Internal.csproj", "{3C113C6D-29B1-4366-60E7-78F39FCA3011}"
EndProject
Project("{FAE04EC0-301F-11D3-BF4B-00C04F79EFBC}") = "Unity.TextMeshPro", "Unity.TextMeshPro.csproj", "{A282F958-8042-9133-AFDE-D5A77EB9A1F4}"
EndProject
Project("{FAE04EC0-301F-11D3-BF4B-00C04F79EFBC}") = "Cinemachine", "Cinemachine.csproj", "{5407183F-A886-1EEE-919E-C4F449FD252C}"
EndProject
Project("{FAE04EC0-301F-11D3-BF4B-00C04F79EFBC}") = "Unity.Timeline", "Unity.Timeline.csproj", "{66CFAD57-C7DB-B7C7-3352-635BAD8CE302}"
EndProject
Project("{FAE04EC0-301F-11D3-BF4B-00C04F79EFBC}") = "Assembly-CSharp", "Assembly-CSharp.csproj", "{67800D06-4900-CF13-3315-5626C9A49858}"
EndProject
Project("{FAE04EC0-301F-11D3-BF4B-00C04F79EFBC}") = "Unity.Services.Core.Environments", "Unity.Services.Core.Environments.csproj", "{ABF994C2-C162-9F61-F016-669C6F4C636B}"
EndProject
Project("{FAE04EC0-301F-11D3-BF4B-00C04F79EFBC}") = "Unity.Services.Core.Internal", "Unity.Services.Core.Internal.csproj", "{7C6E3C69-E707-8701-43C8-6E44DFDD584E}"
EndProject
Project("{FAE04EC0-301F-11D3-BF4B-00C04F79EFBC}") = "Unity.Services.Core.Analytics", "Unity.Services.Core.Analytics.csproj", "{B50A9322-1932-915F-912A-9CC4C3C00918}"
EndProject
Project("{FAE04EC0-301F-11D3-BF4B-00C04F79EFBC}") = "Unity.Services.Core.Scheduler", "Unity.Services.Core.Scheduler.csproj", "{E08187CA-D76E-156C-6951-0E2F252BBF3D}"
EndProject
Project("{FAE04EC0-301F-11D3-BF4B-00C04F79EFBC}") = "Unity.Services.Core.Registration", "Unity.Services.Core.Registration.csproj", "{301B5172-79FB-3800-5306-62EA9F889A0E}"
EndProject
Project("{FAE04EC0-301F-11D3-BF4B-00C04F79EFBC}") = "Unity.Services.Core.Device", "Unity.Services.Core.Device.csproj", "{A688F2F9-4A32-EEA4-0BA6-67C543CA7F87}"
EndProject
Project("{FAE04EC0-301F-11D3-BF4B-00C04F79EFBC}") = "Unity.Services.Core.Threading", "Unity.Services.Core.Threading.csproj", "{C6D93D0F-CBD9-3C1C-FAC8-7EF0771B0ED4}"
EndProject
Project("{FAE04EC0-301F-11D3-BF4B-00C04F79EFBC}") = "Unity.2D.Tilemap.Extras", "Unity.2D.Tilemap.Extras.csproj", "{1C39F4A6-99EC-AE23-C40D-122BAE372B9E}"
EndProject
Project("{FAE04EC0-301F-11D3-BF4B-00C04F79EFBC}") = "Unity.Services.Core.Networking", "Unity.Services.Core.Networking.csproj", "{83C0733A-B33B-3E81-653D-67A163F95AE8}"
EndProject
Project("{FAE04EC0-301F-11D3-BF4B-00C04F79EFBC}") = "Unity.Services.Core", "Unity.Services.Core.csproj", "{08622746-E62C-EB62-1AC7-AEBA63E34AAA}"
EndProject
Project("{FAE04EC0-301F-11D3-BF4B-00C04F79EFBC}") = "Assembly-CSharp-firstpass", "Assembly-CSharp-firstpass.csproj", "{01756FFB-C8A2-74C0-CAE3-C700406838F3}"
EndProject
Project("{FAE04EC0-301F-11D3-BF4B-00C04F79EFBC}") = "Unity.Services.Core.Configuration", "Unity.Services.Core.Configuration.csproj", "{F92D5A70-6AD5-4559-CA80-FBA1EA322552}"
EndProject
Project("{FAE04EC0-301F-11D3-BF4B-00C04F79EFBC}") = "Unity.PlasticSCM.Editor", "Unity.PlasticSCM.Editor.csproj", "{E8E25A64-B103-B44A-9849-F1F632D83465}"
EndProject
Project("{FAE04EC0-301F-11D3-BF4B-00C04F79EFBC}") = "Unity.VisualScripting.Core.Editor", "Unity.VisualScripting.Core.Editor.csproj", "{B84738AD-8F4B-A15E-7CC8-0E7785738B03}"
EndProject
Project("{FAE04EC0-301F-11D3-BF4B-00C04F79EFBC}") = "Unity.VisualScripting.Flow.Editor", "Unity.VisualScripting.Flow.Editor.csproj", "{3E175EBB-1A93-59B0-5A62-555EE57FC74E}"
EndProject
Project("{FAE04EC0-301F-11D3-BF4B-00C04F79EFBC}") = "Unity.VisualStudio.Editor", "Unity.VisualStudio.Editor.csproj", "{950DAD64-2918-F10E-7B7E-32CA2FE538DC}"
EndProject
Project("{FAE04EC0-301F-11D3-BF4B-00C04F79EFBC}") = "Unity.Timeline.Editor", "Unity.Timeline.Editor.csproj", "{50509EAA-DA1D-B116-5074-58337A882230}"
EndProject
Project("{FAE04EC0-301F-11D3-BF4B-00C04F79EFBC}") = "com.unity.cinemachine.editor", "com.unity.cinemachine.editor.csproj", "{D85C32AC-0526-09F8-CC1A-3C5E61082E6F}"
EndProject
Project("{FAE04EC0-301F-11D3-BF4B-00C04F79EFBC}") = "Unity.VisualScripting.State.Editor", "Unity.VisualScripting.State.Editor.csproj", "{F2E19C86-48C8-9126-B072-D0CCDC575FF2}"
EndProject
Project("{FAE04EC0-301F-11D3-BF4B-00C04F79EFBC}") = "Unity.TextMeshPro.Editor", "Unity.TextMeshPro.Editor.csproj", "{4493592A-DC5D-30DD-D033-1CADA86BF172}"
EndProject
Project("{FAE04EC0-301F-11D3-BF4B-00C04F79EFBC}") = "Unity.VisualScripting.SettingsProvider.Editor", "Unity.VisualScripting.SettingsProvider.Editor.csproj", "{E3303AE6-1FE7-FC07-FD3C-38FB8AF43A41}"
EndProject
Project("{FAE04EC0-301F-11D3-BF4B-00C04F79EFBC}") = "Unity.CollabProxy.Editor", "Unity.CollabProxy.Editor.csproj", "{E8198B56-6455-7436-B16D-74399370F9C2}"
EndProject
Project("{FAE04EC0-301F-11D3-BF4B-00C04F79EFBC}") = "UnityEditor.TestRunner", "UnityEditor.TestRunner.csproj", "{162D6136-CC3D-8638-5686-BCB407AF3549}"
EndProject
Project("{FAE04EC0-301F-11D3-BF4B-00C04F79EFBC}") = "Unity.Services.Core.Editor", "Unity.Services.Core.Editor.csproj", "{5B72BC03-9456-9975-CB99-D7043C45FA52}"
EndProject
Project("{FAE04EC0-301F-11D3-BF4B-00C04F79EFBC}") = "Unity.TestTools.CodeCoverage.Editor", "Unity.TestTools.CodeCoverage.Editor.csproj", "{59027413-EF3F-F6D3-52A1-B4FE1478B190}"
EndProject
Project("{FAE04EC0-301F-11D3-BF4B-00C04F79EFBC}") = "Unity.Rider.Editor", "Unity.Rider.Editor.csproj", "{D7E8B0A1-5A52-04A3-247E-EDC20338585B}"
EndProject
Project("{FAE04EC0-301F-11D3-BF4B-00C04F79EFBC}") = "Unity.Performance.Profile-Analyzer.Editor", "Unity.Performance.Profile-Analyzer.Editor.csproj", "{E7A18534-5347-1473-FC2A-939BD2D9C357}"
EndProject
Project("{FAE04EC0-301F-11D3-BF4B-00C04F79EFBC}") = "Unity.VSCode.Editor", "Unity.VSCode.Editor.csproj", "{6230FC21-7390-F586-F203-E02DE152EBD0}"
EndProject
Project("{FAE04EC0-301F-11D3-BF4B-00C04F79EFBC}") = "Unity.TestTools.CodeCoverage.Editor.OpenCover.Model", "Unity.TestTools.CodeCoverage.Editor.OpenCover.Model.csproj", "{246C777C-4837-BCAD-065C-254CCD45D6E6}"
EndProject
Project("{FAE04EC0-301F-11D3-BF4B-00C04F79EFBC}") = "Unity.EditorCoroutines.Editor", "Unity.EditorCoroutines.Editor.csproj", "{FCAC2266-D071-78FE-C8D5-8B71152B7EC6}"
EndProject
Project("{FAE04EC0-301F-11D3-BF4B-00C04F79EFBC}") = "Unity.Settings.Editor", "Unity.Settings.Editor.csproj", "{69BD3933-6383-B235-A260-932569008339}"
EndProject
Project("{FAE04EC0-301F-11D3-BF4B-00C04F79EFBC}") = "Unity.Services.Core.Configuration.Editor", "Unity.Services.Core.Configuration.Editor.csproj", "{737FE7E6-F37F-E5B5-1E92-4FDAE0C974C8}"
EndProject
Project("{FAE04EC0-301F-11D3-BF4B-00C04F79EFBC}") = "Unity.2D.Tilemap.Extras.Editor", "Unity.2D.Tilemap.Extras.Editor.csproj", "{15EB45CB-B3D1-56C1-0433-31B3CA5B3512}"
EndProject
Project("{FAE04EC0-301F-11D3-BF4B-00C04F79EFBC}") = "Unity.TestTools.CodeCoverage.Editor.OpenCover.Mono.Reflection", "Unity.TestTools.CodeCoverage.Editor.OpenCover.Mono.Reflection.csproj", "{FE74163A-AEDA-82D9-AD18-43972E5D58A1}"
EndProject
Project("{FAE04EC0-301F-11D3-BF4B-00C04F79EFBC}") = "Unity.VisualScripting.Shared.Editor", "Unity.VisualScripting.Shared.Editor.csproj", "{58135A21-56BF-2DB8-4FF3-4DECFE4D1F90}"
EndProject
Project("{FAE04EC0-301F-11D3-BF4B-00C04F79EFBC}") = "UnityEngine.TestRunner", "UnityEngine.TestRunner.Player.csproj", "{833D0AA0-00BF-5703-7FE8-16861A662747}"
EndProject
Project("{FAE04EC0-301F-11D3-BF4B-00C04F79EFBC}") = "Unity.VisualScripting.Flow", "Unity.VisualScripting.Flow.Player.csproj", "{320262F6-B1AE-ACF3-7BD9-538F285E3429}"
EndProject
Project("{FAE04EC0-301F-11D3-BF4B-00C04F79EFBC}") = "Unity.Services.Core.Telemetry", "Unity.Services.Core.Telemetry.Player.csproj", "{722ABF42-9E5E-E457-8060-06AE4FFB9E70}"
EndProject
Project("{FAE04EC0-301F-11D3-BF4B-00C04F79EFBC}") = "Unity.VisualScripting.State", "Unity.VisualScripting.State.Player.csproj", "{D871E88D-00D8-A58A-ABFA-6A4A07EE56F0}"
EndProject
Project("{FAE04EC0-301F-11D3-BF4B-00C04F79EFBC}") = "Unity.VisualScripting.Core", "Unity.VisualScripting.Core.Player.csproj", "{14FDAF5D-7D90-1682-9EB2-A37C84C97F7E}"
EndProject
Project("{FAE04EC0-301F-11D3-BF4B-00C04F79EFBC}") = "Unity.Services.Core.Environments.Internal", "Unity.Services.Core.Environments.Internal.Player.csproj", "{5949773E-F5DE-5EB1-7EBF-E1DDE35D64CE}"
EndProject
Project("{FAE04EC0-301F-11D3-BF4B-00C04F79EFBC}") = "Unity.TextMeshPro", "Unity.TextMeshPro.Player.csproj", "{8F459689-2ACD-A5D5-391A-2D63C91C1890}"
EndProject
Project("{FAE04EC0-301F-11D3-BF4B-00C04F79EFBC}") = "Cinemachine", "Cinemachine.Player.csproj", "{7C899755-25DB-D475-0EE2-696B8EDDDF43}"
EndProject
Project("{FAE04EC0-301F-11D3-BF4B-00C04F79EFBC}") = "Unity.Timeline", "Unity.Timeline.Player.csproj", "{F789A6F1-BBEB-3FE6-AA9D-5DC1C28A4D4E}"
EndProject
Project("{FAE04EC0-301F-11D3-BF4B-00C04F79EFBC}") = "Assembly-CSharp", "Assembly-CSharp.Player.csproj", "{87C8EDD1-2EAA-7DFF-8181-1745814D79FD}"
EndProject
Project("{FAE04EC0-301F-11D3-BF4B-00C04F79EFBC}") = "Unity.Services.Core.Environments", "Unity.Services.Core.Environments.Player.csproj", "{02AC9740-E4DE-006A-C4B3-916C62362835}"
EndProject
Project("{FAE04EC0-301F-11D3-BF4B-00C04F79EFBC}") = "Unity.Services.Core.Internal", "Unity.Services.Core.Internal.Player.csproj", "{E7730568-F554-942F-8102-9DC43A8666AC}"
EndProject
Project("{FAE04EC0-301F-11D3-BF4B-00C04F79EFBC}") = "Unity.Services.Core.Analytics", "Unity.Services.Core.Analytics.Player.csproj", "{172A3B4C-2D98-469A-3B80-1279192D6DBD}"
EndProject
Project("{FAE04EC0-301F-11D3-BF4B-00C04F79EFBC}") = "Unity.Services.Core.Scheduler", "Unity.Services.Core.Scheduler.Player.csproj", "{27F6171D-3B3D-6601-64EE-AE700B3D0D92}"
EndProject
Project("{FAE04EC0-301F-11D3-BF4B-00C04F79EFBC}") = "Unity.Services.Core.Registration", "Unity.Services.Core.Registration.Player.csproj", "{D60FF269-C5BA-7318-B705-39A46A370D3C}"
EndProject
Project("{FAE04EC0-301F-11D3-BF4B-00C04F79EFBC}") = "Unity.Services.Core.Device", "Unity.Services.Core.Device.Player.csproj", "{70F79144-D709-EF83-0F24-88EFEE011292}"
EndProject
Project("{FAE04EC0-301F-11D3-BF4B-00C04F79EFBC}") = "Unity.Services.Core.Threading", "Unity.Services.Core.Threading.Player.csproj", "{2DBFD5BC-BB1B-40E2-CAEC-FB2029264C57}"
EndProject
Project("{FAE04EC0-301F-11D3-BF4B-00C04F79EFBC}") = "Unity.2D.Tilemap.Extras", "Unity.2D.Tilemap.Extras.Player.csproj", "{24EAD90B-CD53-2958-F677-4F4EC5079292}"
EndProject
Project("{FAE04EC0-301F-11D3-BF4B-00C04F79EFBC}") = "Unity.Services.Core.Networking", "Unity.Services.Core.Networking.Player.csproj", "{FA72FF78-B6C9-4582-D7D6-C56A96110B76}"
EndProject
Project("{FAE04EC0-301F-11D3-BF4B-00C04F79EFBC}") = "Unity.Services.Core", "Unity.Services.Core.Player.csproj", "{DFD7624C-8D66-598E-0DA5-810FB224DB6D}"
EndProject
Project("{FAE04EC0-301F-11D3-BF4B-00C04F79EFBC}") = "Assembly-CSharp-firstpass", "Assembly-CSharp-firstpass.Player.csproj", "{EC45C46B-B349-2879-D2B2-8626F4461B27}"
EndProject
Project("{FAE04EC0-301F-11D3-BF4B-00C04F79EFBC}") = "Unity.Services.Core.Configuration", "Unity.Services.Core.Configuration.Player.csproj", "{32E276B2-1CE7-D403-15AC-8197B1ABC92B}"
EndProject
Global
	GlobalSection(SolutionConfigurationPlatforms) = preSolution
		Debug|Any CPU = Debug|Any CPU
		Release|Any CPU = Release|Any CPU
	EndGlobalSection
	GlobalSection(ProjectConfigurationPlatforms) = postSolution
		{64A597D6-22E6-2DA2-26AA-305596BFCB19}.Debug|Any CPU.ActiveCfg = Debug|Any CPU
		{64A597D6-22E6-2DA2-26AA-305596BFCB19}.Debug|Any CPU.Build.0 = Debug|Any CPU
		{64A597D6-22E6-2DA2-26AA-305596BFCB19}.Release|Any CPU.ActiveCfg = Release|Any CPU
		{64A597D6-22E6-2DA2-26AA-305596BFCB19}.Release|Any CPU.Build.0 = Release|Any CPU
		{F8A9AD3C-DAD1-3F1C-1C30-8405731674A7}.Debug|Any CPU.ActiveCfg = Debug|Any CPU
		{F8A9AD3C-DAD1-3F1C-1C30-8405731674A7}.Debug|Any CPU.Build.0 = Debug|Any CPU
		{F8A9AD3C-DAD1-3F1C-1C30-8405731674A7}.Release|Any CPU.ActiveCfg = Release|Any CPU
		{F8A9AD3C-DAD1-3F1C-1C30-8405731674A7}.Release|Any CPU.Build.0 = Release|Any CPU
		{544E4B27-4287-AFD5-3D35-774B35BAB43C}.Debug|Any CPU.ActiveCfg = Debug|Any CPU
		{544E4B27-4287-AFD5-3D35-774B35BAB43C}.Debug|Any CPU.Build.0 = Debug|Any CPU
		{544E4B27-4287-AFD5-3D35-774B35BAB43C}.Release|Any CPU.ActiveCfg = Release|Any CPU
		{544E4B27-4287-AFD5-3D35-774B35BAB43C}.Release|Any CPU.Build.0 = Release|Any CPU
		{0B0D939D-6889-223D-9206-2603B9118BAE}.Debug|Any CPU.ActiveCfg = Debug|Any CPU
		{0B0D939D-6889-223D-9206-2603B9118BAE}.Debug|Any CPU.Build.0 = Debug|Any CPU
		{0B0D939D-6889-223D-9206-2603B9118BAE}.Release|Any CPU.ActiveCfg = Release|Any CPU
		{0B0D939D-6889-223D-9206-2603B9118BAE}.Release|Any CPU.Build.0 = Release|Any CPU
		{AE55C51A-A621-63E9-FDA3-75E615ABC3F7}.Debug|Any CPU.ActiveCfg = Debug|Any CPU
		{AE55C51A-A621-63E9-FDA3-75E615ABC3F7}.Debug|Any CPU.Build.0 = Debug|Any CPU
		{AE55C51A-A621-63E9-FDA3-75E615ABC3F7}.Release|Any CPU.ActiveCfg = Release|Any CPU
		{AE55C51A-A621-63E9-FDA3-75E615ABC3F7}.Release|Any CPU.Build.0 = Release|Any CPU
		{3C113C6D-29B1-4366-60E7-78F39FCA3011}.Debug|Any CPU.ActiveCfg = Debug|Any CPU
		{3C113C6D-29B1-4366-60E7-78F39FCA3011}.Debug|Any CPU.Build.0 = Debug|Any CPU
		{3C113C6D-29B1-4366-60E7-78F39FCA3011}.Release|Any CPU.ActiveCfg = Release|Any CPU
		{3C113C6D-29B1-4366-60E7-78F39FCA3011}.Release|Any CPU.Build.0 = Release|Any CPU
		{A282F958-8042-9133-AFDE-D5A77EB9A1F4}.Debug|Any CPU.ActiveCfg = Debug|Any CPU
		{A282F958-8042-9133-AFDE-D5A77EB9A1F4}.Debug|Any CPU.Build.0 = Debug|Any CPU
		{A282F958-8042-9133-AFDE-D5A77EB9A1F4}.Release|Any CPU.ActiveCfg = Release|Any CPU
		{A282F958-8042-9133-AFDE-D5A77EB9A1F4}.Release|Any CPU.Build.0 = Release|Any CPU
		{5407183F-A886-1EEE-919E-C4F449FD252C}.Debug|Any CPU.ActiveCfg = Debug|Any CPU
		{5407183F-A886-1EEE-919E-C4F449FD252C}.Debug|Any CPU.Build.0 = Debug|Any CPU
		{5407183F-A886-1EEE-919E-C4F449FD252C}.Release|Any CPU.ActiveCfg = Release|Any CPU
		{5407183F-A886-1EEE-919E-C4F449FD252C}.Release|Any CPU.Build.0 = Release|Any CPU
		{66CFAD57-C7DB-B7C7-3352-635BAD8CE302}.Debug|Any CPU.ActiveCfg = Debug|Any CPU
		{66CFAD57-C7DB-B7C7-3352-635BAD8CE302}.Debug|Any CPU.Build.0 = Debug|Any CPU
		{66CFAD57-C7DB-B7C7-3352-635BAD8CE302}.Release|Any CPU.ActiveCfg = Release|Any CPU
		{66CFAD57-C7DB-B7C7-3352-635BAD8CE302}.Release|Any CPU.Build.0 = Release|Any CPU
		{67800D06-4900-CF13-3315-5626C9A49858}.Debug|Any CPU.ActiveCfg = Debug|Any CPU
		{67800D06-4900-CF13-3315-5626C9A49858}.Debug|Any CPU.Build.0 = Debug|Any CPU
		{67800D06-4900-CF13-3315-5626C9A49858}.Release|Any CPU.ActiveCfg = Release|Any CPU
		{67800D06-4900-CF13-3315-5626C9A49858}.Release|Any CPU.Build.0 = Release|Any CPU
		{ABF994C2-C162-9F61-F016-669C6F4C636B}.Debug|Any CPU.ActiveCfg = Debug|Any CPU
		{ABF994C2-C162-9F61-F016-669C6F4C636B}.Debug|Any CPU.Build.0 = Debug|Any CPU
		{ABF994C2-C162-9F61-F016-669C6F4C636B}.Release|Any CPU.ActiveCfg = Release|Any CPU
		{ABF994C2-C162-9F61-F016-669C6F4C636B}.Release|Any CPU.Build.0 = Release|Any CPU
		{7C6E3C69-E707-8701-43C8-6E44DFDD584E}.Debug|Any CPU.ActiveCfg = Debug|Any CPU
		{7C6E3C69-E707-8701-43C8-6E44DFDD584E}.Debug|Any CPU.Build.0 = Debug|Any CPU
		{7C6E3C69-E707-8701-43C8-6E44DFDD584E}.Release|Any CPU.ActiveCfg = Release|Any CPU
		{7C6E3C69-E707-8701-43C8-6E44DFDD584E}.Release|Any CPU.Build.0 = Release|Any CPU
		{B50A9322-1932-915F-912A-9CC4C3C00918}.Debug|Any CPU.ActiveCfg = Debug|Any CPU
		{B50A9322-1932-915F-912A-9CC4C3C00918}.Debug|Any CPU.Build.0 = Debug|Any CPU
		{B50A9322-1932-915F-912A-9CC4C3C00918}.Release|Any CPU.ActiveCfg = Release|Any CPU
		{B50A9322-1932-915F-912A-9CC4C3C00918}.Release|Any CPU.Build.0 = Release|Any CPU
		{E08187CA-D76E-156C-6951-0E2F252BBF3D}.Debug|Any CPU.ActiveCfg = Debug|Any CPU
		{E08187CA-D76E-156C-6951-0E2F252BBF3D}.Debug|Any CPU.Build.0 = Debug|Any CPU
		{E08187CA-D76E-156C-6951-0E2F252BBF3D}.Release|Any CPU.ActiveCfg = Release|Any CPU
		{E08187CA-D76E-156C-6951-0E2F252BBF3D}.Release|Any CPU.Build.0 = Release|Any CPU
		{301B5172-79FB-3800-5306-62EA9F889A0E}.Debug|Any CPU.ActiveCfg = Debug|Any CPU
		{301B5172-79FB-3800-5306-62EA9F889A0E}.Debug|Any CPU.Build.0 = Debug|Any CPU
		{301B5172-79FB-3800-5306-62EA9F889A0E}.Release|Any CPU.ActiveCfg = Release|Any CPU
		{301B5172-79FB-3800-5306-62EA9F889A0E}.Release|Any CPU.Build.0 = Release|Any CPU
		{A688F2F9-4A32-EEA4-0BA6-67C543CA7F87}.Debug|Any CPU.ActiveCfg = Debug|Any CPU
		{A688F2F9-4A32-EEA4-0BA6-67C543CA7F87}.Debug|Any CPU.Build.0 = Debug|Any CPU
		{A688F2F9-4A32-EEA4-0BA6-67C543CA7F87}.Release|Any CPU.ActiveCfg = Release|Any CPU
		{A688F2F9-4A32-EEA4-0BA6-67C543CA7F87}.Release|Any CPU.Build.0 = Release|Any CPU
		{C6D93D0F-CBD9-3C1C-FAC8-7EF0771B0ED4}.Debug|Any CPU.ActiveCfg = Debug|Any CPU
		{C6D93D0F-CBD9-3C1C-FAC8-7EF0771B0ED4}.Debug|Any CPU.Build.0 = Debug|Any CPU
		{C6D93D0F-CBD9-3C1C-FAC8-7EF0771B0ED4}.Release|Any CPU.ActiveCfg = Release|Any CPU
		{C6D93D0F-CBD9-3C1C-FAC8-7EF0771B0ED4}.Release|Any CPU.Build.0 = Release|Any CPU
		{1C39F4A6-99EC-AE23-C40D-122BAE372B9E}.Debug|Any CPU.ActiveCfg = Debug|Any CPU
		{1C39F4A6-99EC-AE23-C40D-122BAE372B9E}.Debug|Any CPU.Build.0 = Debug|Any CPU
		{1C39F4A6-99EC-AE23-C40D-122BAE372B9E}.Release|Any CPU.ActiveCfg = Release|Any CPU
		{1C39F4A6-99EC-AE23-C40D-122BAE372B9E}.Release|Any CPU.Build.0 = Release|Any CPU
		{83C0733A-B33B-3E81-653D-67A163F95AE8}.Debug|Any CPU.ActiveCfg = Debug|Any CPU
		{83C0733A-B33B-3E81-653D-67A163F95AE8}.Debug|Any CPU.Build.0 = Debug|Any CPU
		{83C0733A-B33B-3E81-653D-67A163F95AE8}.Release|Any CPU.ActiveCfg = Release|Any CPU
		{83C0733A-B33B-3E81-653D-67A163F95AE8}.Release|Any CPU.Build.0 = Release|Any CPU
		{08622746-E62C-EB62-1AC7-AEBA63E34AAA}.Debug|Any CPU.ActiveCfg = Debug|Any CPU
		{08622746-E62C-EB62-1AC7-AEBA63E34AAA}.Debug|Any CPU.Build.0 = Debug|Any CPU
		{08622746-E62C-EB62-1AC7-AEBA63E34AAA}.Release|Any CPU.ActiveCfg = Release|Any CPU
		{08622746-E62C-EB62-1AC7-AEBA63E34AAA}.Release|Any CPU.Build.0 = Release|Any CPU
		{01756FFB-C8A2-74C0-CAE3-C700406838F3}.Debug|Any CPU.ActiveCfg = Debug|Any CPU
		{01756FFB-C8A2-74C0-CAE3-C700406838F3}.Debug|Any CPU.Build.0 = Debug|Any CPU
		{01756FFB-C8A2-74C0-CAE3-C700406838F3}.Release|Any CPU.ActiveCfg = Release|Any CPU
		{01756FFB-C8A2-74C0-CAE3-C700406838F3}.Release|Any CPU.Build.0 = Release|Any CPU
		{F92D5A70-6AD5-4559-CA80-FBA1EA322552}.Debug|Any CPU.ActiveCfg = Debug|Any CPU
		{F92D5A70-6AD5-4559-CA80-FBA1EA322552}.Debug|Any CPU.Build.0 = Debug|Any CPU
		{F92D5A70-6AD5-4559-CA80-FBA1EA322552}.Release|Any CPU.ActiveCfg = Release|Any CPU
		{F92D5A70-6AD5-4559-CA80-FBA1EA322552}.Release|Any CPU.Build.0 = Release|Any CPU
		{E8E25A64-B103-B44A-9849-F1F632D83465}.Debug|Any CPU.ActiveCfg = Debug|Any CPU
		{E8E25A64-B103-B44A-9849-F1F632D83465}.Debug|Any CPU.Build.0 = Debug|Any CPU
		{E8E25A64-B103-B44A-9849-F1F632D83465}.Release|Any CPU.ActiveCfg = Release|Any CPU
		{E8E25A64-B103-B44A-9849-F1F632D83465}.Release|Any CPU.Build.0 = Release|Any CPU
		{B84738AD-8F4B-A15E-7CC8-0E7785738B03}.Debug|Any CPU.ActiveCfg = Debug|Any CPU
		{B84738AD-8F4B-A15E-7CC8-0E7785738B03}.Debug|Any CPU.Build.0 = Debug|Any CPU
		{B84738AD-8F4B-A15E-7CC8-0E7785738B03}.Release|Any CPU.ActiveCfg = Release|Any CPU
		{B84738AD-8F4B-A15E-7CC8-0E7785738B03}.Release|Any CPU.Build.0 = Release|Any CPU
		{3E175EBB-1A93-59B0-5A62-555EE57FC74E}.Debug|Any CPU.ActiveCfg = Debug|Any CPU
		{3E175EBB-1A93-59B0-5A62-555EE57FC74E}.Debug|Any CPU.Build.0 = Debug|Any CPU
		{3E175EBB-1A93-59B0-5A62-555EE57FC74E}.Release|Any CPU.ActiveCfg = Release|Any CPU
		{3E175EBB-1A93-59B0-5A62-555EE57FC74E}.Release|Any CPU.Build.0 = Release|Any CPU
		{950DAD64-2918-F10E-7B7E-32CA2FE538DC}.Debug|Any CPU.ActiveCfg = Debug|Any CPU
		{950DAD64-2918-F10E-7B7E-32CA2FE538DC}.Debug|Any CPU.Build.0 = Debug|Any CPU
		{950DAD64-2918-F10E-7B7E-32CA2FE538DC}.Release|Any CPU.ActiveCfg = Release|Any CPU
		{950DAD64-2918-F10E-7B7E-32CA2FE538DC}.Release|Any CPU.Build.0 = Release|Any CPU
		{50509EAA-DA1D-B116-5074-58337A882230}.Debug|Any CPU.ActiveCfg = Debug|Any CPU
		{50509EAA-DA1D-B116-5074-58337A882230}.Debug|Any CPU.Build.0 = Debug|Any CPU
		{50509EAA-DA1D-B116-5074-58337A882230}.Release|Any CPU.ActiveCfg = Release|Any CPU
		{50509EAA-DA1D-B116-5074-58337A882230}.Release|Any CPU.Build.0 = Release|Any CPU
		{D85C32AC-0526-09F8-CC1A-3C5E61082E6F}.Debug|Any CPU.ActiveCfg = Debug|Any CPU
		{D85C32AC-0526-09F8-CC1A-3C5E61082E6F}.Debug|Any CPU.Build.0 = Debug|Any CPU
		{D85C32AC-0526-09F8-CC1A-3C5E61082E6F}.Release|Any CPU.ActiveCfg = Release|Any CPU
		{D85C32AC-0526-09F8-CC1A-3C5E61082E6F}.Release|Any CPU.Build.0 = Release|Any CPU
		{F2E19C86-48C8-9126-B072-D0CCDC575FF2}.Debug|Any CPU.ActiveCfg = Debug|Any CPU
		{F2E19C86-48C8-9126-B072-D0CCDC575FF2}.Debug|Any CPU.Build.0 = Debug|Any CPU
		{F2E19C86-48C8-9126-B072-D0CCDC575FF2}.Release|Any CPU.ActiveCfg = Release|Any CPU
		{F2E19C86-48C8-9126-B072-D0CCDC575FF2}.Release|Any CPU.Build.0 = Release|Any CPU
		{4493592A-DC5D-30DD-D033-1CADA86BF172}.Debug|Any CPU.ActiveCfg = Debug|Any CPU
		{4493592A-DC5D-30DD-D033-1CADA86BF172}.Debug|Any CPU.Build.0 = Debug|Any CPU
		{4493592A-DC5D-30DD-D033-1CADA86BF172}.Release|Any CPU.ActiveCfg = Release|Any CPU
		{4493592A-DC5D-30DD-D033-1CADA86BF172}.Release|Any CPU.Build.0 = Release|Any CPU
		{E3303AE6-1FE7-FC07-FD3C-38FB8AF43A41}.Debug|Any CPU.ActiveCfg = Debug|Any CPU
		{E3303AE6-1FE7-FC07-FD3C-38FB8AF43A41}.Debug|Any CPU.Build.0 = Debug|Any CPU
		{E3303AE6-1FE7-FC07-FD3C-38FB8AF43A41}.Release|Any CPU.ActiveCfg = Release|Any CPU
		{E3303AE6-1FE7-FC07-FD3C-38FB8AF43A41}.Release|Any CPU.Build.0 = Release|Any CPU
		{E8198B56-6455-7436-B16D-74399370F9C2}.Debug|Any CPU.ActiveCfg = Debug|Any CPU
		{E8198B56-6455-7436-B16D-74399370F9C2}.Debug|Any CPU.Build.0 = Debug|Any CPU
		{E8198B56-6455-7436-B16D-74399370F9C2}.Release|Any CPU.ActiveCfg = Release|Any CPU
		{E8198B56-6455-7436-B16D-74399370F9C2}.Release|Any CPU.Build.0 = Release|Any CPU
		{162D6136-CC3D-8638-5686-BCB407AF3549}.Debug|Any CPU.ActiveCfg = Debug|Any CPU
		{162D6136-CC3D-8638-5686-BCB407AF3549}.Debug|Any CPU.Build.0 = Debug|Any CPU
		{162D6136-CC3D-8638-5686-BCB407AF3549}.Release|Any CPU.ActiveCfg = Release|Any CPU
		{162D6136-CC3D-8638-5686-BCB407AF3549}.Release|Any CPU.Build.0 = Release|Any CPU
		{5B72BC03-9456-9975-CB99-D7043C45FA52}.Debug|Any CPU.ActiveCfg = Debug|Any CPU
		{5B72BC03-9456-9975-CB99-D7043C45FA52}.Debug|Any CPU.Build.0 = Debug|Any CPU
		{5B72BC03-9456-9975-CB99-D7043C45FA52}.Release|Any CPU.ActiveCfg = Release|Any CPU
		{5B72BC03-9456-9975-CB99-D7043C45FA52}.Release|Any CPU.Build.0 = Release|Any CPU
		{59027413-EF3F-F6D3-52A1-B4FE1478B190}.Debug|Any CPU.ActiveCfg = Debug|Any CPU
		{59027413-EF3F-F6D3-52A1-B4FE1478B190}.Debug|Any CPU.Build.0 = Debug|Any CPU
		{59027413-EF3F-F6D3-52A1-B4FE1478B190}.Release|Any CPU.ActiveCfg = Release|Any CPU
		{59027413-EF3F-F6D3-52A1-B4FE1478B190}.Release|Any CPU.Build.0 = Release|Any CPU
		{D7E8B0A1-5A52-04A3-247E-EDC20338585B}.Debug|Any CPU.ActiveCfg = Debug|Any CPU
		{D7E8B0A1-5A52-04A3-247E-EDC20338585B}.Debug|Any CPU.Build.0 = Debug|Any CPU
		{D7E8B0A1-5A52-04A3-247E-EDC20338585B}.Release|Any CPU.ActiveCfg = Release|Any CPU
		{D7E8B0A1-5A52-04A3-247E-EDC20338585B}.Release|Any CPU.Build.0 = Release|Any CPU
		{E7A18534-5347-1473-FC2A-939BD2D9C357}.Debug|Any CPU.ActiveCfg = Debug|Any CPU
		{E7A18534-5347-1473-FC2A-939BD2D9C357}.Debug|Any CPU.Build.0 = Debug|Any CPU
		{E7A18534-5347-1473-FC2A-939BD2D9C357}.Release|Any CPU.ActiveCfg = Release|Any CPU
		{E7A18534-5347-1473-FC2A-939BD2D9C357}.Release|Any CPU.Build.0 = Release|Any CPU
		{6230FC21-7390-F586-F203-E02DE152EBD0}.Debug|Any CPU.ActiveCfg = Debug|Any CPU
		{6230FC21-7390-F586-F203-E02DE152EBD0}.Debug|Any CPU.Build.0 = Debug|Any CPU
		{6230FC21-7390-F586-F203-E02DE152EBD0}.Release|Any CPU.ActiveCfg = Release|Any CPU
		{6230FC21-7390-F586-F203-E02DE152EBD0}.Release|Any CPU.Build.0 = Release|Any CPU
		{246C777C-4837-BCAD-065C-254CCD45D6E6}.Debug|Any CPU.ActiveCfg = Debug|Any CPU
		{246C777C-4837-BCAD-065C-254CCD45D6E6}.Debug|Any CPU.Build.0 = Debug|Any CPU
		{246C777C-4837-BCAD-065C-254CCD45D6E6}.Release|Any CPU.ActiveCfg = Release|Any CPU
		{246C777C-4837-BCAD-065C-254CCD45D6E6}.Release|Any CPU.Build.0 = Release|Any CPU
		{FCAC2266-D071-78FE-C8D5-8B71152B7EC6}.Debug|Any CPU.ActiveCfg = Debug|Any CPU
		{FCAC2266-D071-78FE-C8D5-8B71152B7EC6}.Debug|Any CPU.Build.0 = Debug|Any CPU
		{FCAC2266-D071-78FE-C8D5-8B71152B7EC6}.Release|Any CPU.ActiveCfg = Release|Any CPU
		{FCAC2266-D071-78FE-C8D5-8B71152B7EC6}.Release|Any CPU.Build.0 = Release|Any CPU
		{69BD3933-6383-B235-A260-932569008339}.Debug|Any CPU.ActiveCfg = Debug|Any CPU
		{69BD3933-6383-B235-A260-932569008339}.Debug|Any CPU.Build.0 = Debug|Any CPU
		{69BD3933-6383-B235-A260-932569008339}.Release|Any CPU.ActiveCfg = Release|Any CPU
		{69BD3933-6383-B235-A260-932569008339}.Release|Any CPU.Build.0 = Release|Any CPU
		{737FE7E6-F37F-E5B5-1E92-4FDAE0C974C8}.Debug|Any CPU.ActiveCfg = Debug|Any CPU
		{737FE7E6-F37F-E5B5-1E92-4FDAE0C974C8}.Debug|Any CPU.Build.0 = Debug|Any CPU
		{737FE7E6-F37F-E5B5-1E92-4FDAE0C974C8}.Release|Any CPU.ActiveCfg = Release|Any CPU
		{737FE7E6-F37F-E5B5-1E92-4FDAE0C974C8}.Release|Any CPU.Build.0 = Release|Any CPU
		{15EB45CB-B3D1-56C1-0433-31B3CA5B3512}.Debug|Any CPU.ActiveCfg = Debug|Any CPU
		{15EB45CB-B3D1-56C1-0433-31B3CA5B3512}.Debug|Any CPU.Build.0 = Debug|Any CPU
		{15EB45CB-B3D1-56C1-0433-31B3CA5B3512}.Release|Any CPU.ActiveCfg = Release|Any CPU
		{15EB45CB-B3D1-56C1-0433-31B3CA5B3512}.Release|Any CPU.Build.0 = Release|Any CPU
		{FE74163A-AEDA-82D9-AD18-43972E5D58A1}.Debug|Any CPU.ActiveCfg = Debug|Any CPU
		{FE74163A-AEDA-82D9-AD18-43972E5D58A1}.Debug|Any CPU.Build.0 = Debug|Any CPU
		{FE74163A-AEDA-82D9-AD18-43972E5D58A1}.Release|Any CPU.ActiveCfg = Release|Any CPU
		{FE74163A-AEDA-82D9-AD18-43972E5D58A1}.Release|Any CPU.Build.0 = Release|Any CPU
		{58135A21-56BF-2DB8-4FF3-4DECFE4D1F90}.Debug|Any CPU.ActiveCfg = Debug|Any CPU
		{58135A21-56BF-2DB8-4FF3-4DECFE4D1F90}.Debug|Any CPU.Build.0 = Debug|Any CPU
		{58135A21-56BF-2DB8-4FF3-4DECFE4D1F90}.Release|Any CPU.ActiveCfg = Release|Any CPU
		{58135A21-56BF-2DB8-4FF3-4DECFE4D1F90}.Release|Any CPU.Build.0 = Release|Any CPU
		{833D0AA0-00BF-5703-7FE8-16861A662747}.Debug|Any CPU.ActiveCfg = Debug|Any CPU
		{833D0AA0-00BF-5703-7FE8-16861A662747}.Debug|Any CPU.Build.0 = Debug|Any CPU
		{833D0AA0-00BF-5703-7FE8-16861A662747}.Release|Any CPU.ActiveCfg = Release|Any CPU
		{833D0AA0-00BF-5703-7FE8-16861A662747}.Release|Any CPU.Build.0 = Release|Any CPU
		{320262F6-B1AE-ACF3-7BD9-538F285E3429}.Debug|Any CPU.ActiveCfg = Debug|Any CPU
		{320262F6-B1AE-ACF3-7BD9-538F285E3429}.Debug|Any CPU.Build.0 = Debug|Any CPU
		{320262F6-B1AE-ACF3-7BD9-538F285E3429}.Release|Any CPU.ActiveCfg = Release|Any CPU
		{320262F6-B1AE-ACF3-7BD9-538F285E3429}.Release|Any CPU.Build.0 = Release|Any CPU
		{722ABF42-9E5E-E457-8060-06AE4FFB9E70}.Debug|Any CPU.ActiveCfg = Debug|Any CPU
		{722ABF42-9E5E-E457-8060-06AE4FFB9E70}.Debug|Any CPU.Build.0 = Debug|Any CPU
		{722ABF42-9E5E-E457-8060-06AE4FFB9E70}.Release|Any CPU.ActiveCfg = Release|Any CPU
		{722ABF42-9E5E-E457-8060-06AE4FFB9E70}.Release|Any CPU.Build.0 = Release|Any CPU
		{D871E88D-00D8-A58A-ABFA-6A4A07EE56F0}.Debug|Any CPU.ActiveCfg = Debug|Any CPU
		{D871E88D-00D8-A58A-ABFA-6A4A07EE56F0}.Debug|Any CPU.Build.0 = Debug|Any CPU
		{D871E88D-00D8-A58A-ABFA-6A4A07EE56F0}.Release|Any CPU.ActiveCfg = Release|Any CPU
		{D871E88D-00D8-A58A-ABFA-6A4A07EE56F0}.Release|Any CPU.Build.0 = Release|Any CPU
		{14FDAF5D-7D90-1682-9EB2-A37C84C97F7E}.Debug|Any CPU.ActiveCfg = Debug|Any CPU
		{14FDAF5D-7D90-1682-9EB2-A37C84C97F7E}.Debug|Any CPU.Build.0 = Debug|Any CPU
		{14FDAF5D-7D90-1682-9EB2-A37C84C97F7E}.Release|Any CPU.ActiveCfg = Release|Any CPU
		{14FDAF5D-7D90-1682-9EB2-A37C84C97F7E}.Release|Any CPU.Build.0 = Release|Any CPU
		{5949773E-F5DE-5EB1-7EBF-E1DDE35D64CE}.Debug|Any CPU.ActiveCfg = Debug|Any CPU
		{5949773E-F5DE-5EB1-7EBF-E1DDE35D64CE}.Debug|Any CPU.Build.0 = Debug|Any CPU
		{5949773E-F5DE-5EB1-7EBF-E1DDE35D64CE}.Release|Any CPU.ActiveCfg = Release|Any CPU
		{5949773E-F5DE-5EB1-7EBF-E1DDE35D64CE}.Release|Any CPU.Build.0 = Release|Any CPU
		{8F459689-2ACD-A5D5-391A-2D63C91C1890}.Debug|Any CPU.ActiveCfg = Debug|Any CPU
		{8F459689-2ACD-A5D5-391A-2D63C91C1890}.Debug|Any CPU.Build.0 = Debug|Any CPU
		{8F459689-2ACD-A5D5-391A-2D63C91C1890}.Release|Any CPU.ActiveCfg = Release|Any CPU
		{8F459689-2ACD-A5D5-391A-2D63C91C1890}.Release|Any CPU.Build.0 = Release|Any CPU
		{7C899755-25DB-D475-0EE2-696B8EDDDF43}.Debug|Any CPU.ActiveCfg = Debug|Any CPU
		{7C899755-25DB-D475-0EE2-696B8EDDDF43}.Debug|Any CPU.Build.0 = Debug|Any CPU
		{7C899755-25DB-D475-0EE2-696B8EDDDF43}.Release|Any CPU.ActiveCfg = Release|Any CPU
		{7C899755-25DB-D475-0EE2-696B8EDDDF43}.Release|Any CPU.Build.0 = Release|Any CPU
		{F789A6F1-BBEB-3FE6-AA9D-5DC1C28A4D4E}.Debug|Any CPU.ActiveCfg = Debug|Any CPU
		{F789A6F1-BBEB-3FE6-AA9D-5DC1C28A4D4E}.Debug|Any CPU.Build.0 = Debug|Any CPU
		{F789A6F1-BBEB-3FE6-AA9D-5DC1C28A4D4E}.Release|Any CPU.ActiveCfg = Release|Any CPU
		{F789A6F1-BBEB-3FE6-AA9D-5DC1C28A4D4E}.Release|Any CPU.Build.0 = Release|Any CPU
		{87C8EDD1-2EAA-7DFF-8181-1745814D79FD}.Debug|Any CPU.ActiveCfg = Debug|Any CPU
		{87C8EDD1-2EAA-7DFF-8181-1745814D79FD}.Debug|Any CPU.Build.0 = Debug|Any CPU
		{87C8EDD1-2EAA-7DFF-8181-1745814D79FD}.Release|Any CPU.ActiveCfg = Release|Any CPU
		{87C8EDD1-2EAA-7DFF-8181-1745814D79FD}.Release|Any CPU.Build.0 = Release|Any CPU
		{02AC9740-E4DE-006A-C4B3-916C62362835}.Debug|Any CPU.ActiveCfg = Debug|Any CPU
		{02AC9740-E4DE-006A-C4B3-916C62362835}.Debug|Any CPU.Build.0 = Debug|Any CPU
		{02AC9740-E4DE-006A-C4B3-916C62362835}.Release|Any CPU.ActiveCfg = Release|Any CPU
		{02AC9740-E4DE-006A-C4B3-916C62362835}.Release|Any CPU.Build.0 = Release|Any CPU
		{E7730568-F554-942F-8102-9DC43A8666AC}.Debug|Any CPU.ActiveCfg = Debug|Any CPU
		{E7730568-F554-942F-8102-9DC43A8666AC}.Debug|Any CPU.Build.0 = Debug|Any CPU
		{E7730568-F554-942F-8102-9DC43A8666AC}.Release|Any CPU.ActiveCfg = Release|Any CPU
		{E7730568-F554-942F-8102-9DC43A8666AC}.Release|Any CPU.Build.0 = Release|Any CPU
		{172A3B4C-2D98-469A-3B80-1279192D6DBD}.Debug|Any CPU.ActiveCfg = Debug|Any CPU
		{172A3B4C-2D98-469A-3B80-1279192D6DBD}.Debug|Any CPU.Build.0 = Debug|Any CPU
		{172A3B4C-2D98-469A-3B80-1279192D6DBD}.Release|Any CPU.ActiveCfg = Release|Any CPU
		{172A3B4C-2D98-469A-3B80-1279192D6DBD}.Release|Any CPU.Build.0 = Release|Any CPU
		{27F6171D-3B3D-6601-64EE-AE700B3D0D92}.Debug|Any CPU.ActiveCfg = Debug|Any CPU
		{27F6171D-3B3D-6601-64EE-AE700B3D0D92}.Debug|Any CPU.Build.0 = Debug|Any CPU
		{27F6171D-3B3D-6601-64EE-AE700B3D0D92}.Release|Any CPU.ActiveCfg = Release|Any CPU
		{27F6171D-3B3D-6601-64EE-AE700B3D0D92}.Release|Any CPU.Build.0 = Release|Any CPU
		{D60FF269-C5BA-7318-B705-39A46A370D3C}.Debug|Any CPU.ActiveCfg = Debug|Any CPU
		{D60FF269-C5BA-7318-B705-39A46A370D3C}.Debug|Any CPU.Build.0 = Debug|Any CPU
		{D60FF269-C5BA-7318-B705-39A46A370D3C}.Release|Any CPU.ActiveCfg = Release|Any CPU
		{D60FF269-C5BA-7318-B705-39A46A370D3C}.Release|Any CPU.Build.0 = Release|Any CPU
		{70F79144-D709-EF83-0F24-88EFEE011292}.Debug|Any CPU.ActiveCfg = Debug|Any CPU
		{70F79144-D709-EF83-0F24-88EFEE011292}.Debug|Any CPU.Build.0 = Debug|Any CPU
		{70F79144-D709-EF83-0F24-88EFEE011292}.Release|Any CPU.ActiveCfg = Release|Any CPU
		{70F79144-D709-EF83-0F24-88EFEE011292}.Release|Any CPU.Build.0 = Release|Any CPU
		{2DBFD5BC-BB1B-40E2-CAEC-FB2029264C57}.Debug|Any CPU.ActiveCfg = Debug|Any CPU
		{2DBFD5BC-BB1B-40E2-CAEC-FB2029264C57}.Debug|Any CPU.Build.0 = Debug|Any CPU
		{2DBFD5BC-BB1B-40E2-CAEC-FB2029264C57}.Release|Any CPU.ActiveCfg = Release|Any CPU
		{2DBFD5BC-BB1B-40E2-CAEC-FB2029264C57}.Release|Any CPU.Build.0 = Release|Any CPU
		{24EAD90B-CD53-2958-F677-4F4EC5079292}.Debug|Any CPU.ActiveCfg = Debug|Any CPU
		{24EAD90B-CD53-2958-F677-4F4EC5079292}.Debug|Any CPU.Build.0 = Debug|Any CPU
		{24EAD90B-CD53-2958-F677-4F4EC5079292}.Release|Any CPU.ActiveCfg = Release|Any CPU
		{24EAD90B-CD53-2958-F677-4F4EC5079292}.Release|Any CPU.Build.0 = Release|Any CPU
		{FA72FF78-B6C9-4582-D7D6-C56A96110B76}.Debug|Any CPU.ActiveCfg = Debug|Any CPU
		{FA72FF78-B6C9-4582-D7D6-C56A96110B76}.Debug|Any CPU.Build.0 = Debug|Any CPU
		{FA72FF78-B6C9-4582-D7D6-C56A96110B76}.Release|Any CPU.ActiveCfg = Release|Any CPU
		{FA72FF78-B6C9-4582-D7D6-C56A96110B76}.Release|Any CPU.Build.0 = Release|Any CPU
		{DFD7624C-8D66-598E-0DA5-810FB224DB6D}.Debug|Any CPU.ActiveCfg = Debug|Any CPU
		{DFD7624C-8D66-598E-0DA5-810FB224DB6D}.Debug|Any CPU.Build.0 = Debug|Any CPU
		{DFD7624C-8D66-598E-0DA5-810FB224DB6D}.Release|Any CPU.ActiveCfg = Release|Any CPU
		{DFD7624C-8D66-598E-0DA5-810FB224DB6D}.Release|Any CPU.Build.0 = Release|Any CPU
		{EC45C46B-B349-2879-D2B2-8626F4461B27}.Debug|Any CPU.ActiveCfg = Debug|Any CPU
		{EC45C46B-B349-2879-D2B2-8626F4461B27}.Debug|Any CPU.Build.0 = Debug|Any CPU
		{EC45C46B-B349-2879-D2B2-8626F4461B27}.Release|Any CPU.ActiveCfg = Release|Any CPU
		{EC45C46B-B349-2879-D2B2-8626F4461B27}.Release|Any CPU.Build.0 = Release|Any CPU
		{32E276B2-1CE7-D403-15AC-8197B1ABC92B}.Debug|Any CPU.ActiveCfg = Debug|Any CPU
		{32E276B2-1CE7-D403-15AC-8197B1ABC92B}.Debug|Any CPU.Build.0 = Debug|Any CPU
		{32E276B2-1CE7-D403-15AC-8197B1ABC92B}.Release|Any CPU.ActiveCfg = Release|Any CPU
		{32E276B2-1CE7-D403-15AC-8197B1ABC92B}.Release|Any CPU.Build.0 = Release|Any CPU
	EndGlobalSection
	GlobalSection(SolutionProperties) = preSolution
		HideSolutionNode = FALSE
	EndGlobalSection
EndGlobal
